
Microsoft Visual Studio Solution File, Format Version 12.00
# Visual Studio Version 17
VisualStudioVersion = 17.3.32929.385
MinimumVisualStudioVersion = 10.0.40219.1
Project("{FAE04EC0-301F-11D3-BF4B-00C04F79EFBC}") = "Average.Net5", "Average.Net5\Average.Net5.csproj", "{84569089-77C4-4B1E-97A8-CA2521D74543}"
EndProject
Global
	GlobalSection(SolutionConfigurationPlatforms) = preSolution
		Debug|Any CPU = Debug|Any CPU
		Release|Any CPU = Release|Any CPU
	EndGlobalSection
	GlobalSection(ProjectConfigurationPlatforms) = postSolution
		{84569089-77C4-4B1E-97A8-CA2521D74543}.Debug|Any CPU.ActiveCfg = Debug|Any CPU
		{84569089-77C4-4B1E-97A8-CA2521D74543}.Debug|Any CPU.Build.0 = Debug|Any CPU
		{84569089-77C4-4B1E-97A8-CA2521D74543}.Release|Any CPU.ActiveCfg = Release|Any CPU
		{84569089-77C4-4B1E-97A8-CA2521D74543}.Release|Any CPU.Build.0 = Release|Any CPU
	EndGlobalSection
	GlobalSection(SolutionProperties) = preSolution
		HideSolutionNode = FALSE
	EndGlobalSection
	GlobalSection(ExtensibilityGlobals) = postSolution
		SolutionGuid = {3004B3E3-5CB6-4F6A-A147-7659E079341D}
	EndGlobalSection
EndGlobal
